
Microsoft Visual Studio Solution File, Format Version 12.00
# Visual Studio 15
VisualStudioVersion = 15.0.27130.2026
MinimumVisualStudioVersion = 10.0.40219.1
Project("{FAE04EC0-301F-11D3-BF4B-00C04F79EFBC}") = "WindowsFormsApp6", "WindowsFormsApp6\WindowsFormsApp6.csproj", "{94C7DD12-77B5-4DBC-B97D-47FF5DA5AA6E}"
EndProject
Global
	GlobalSection(SolutionConfigurationPlatforms) = preSolution
		Debug|Any CPU = Debug|Any CPU
		Release|Any CPU = Release|Any CPU
	EndGlobalSection
	GlobalSection(ProjectConfigurationPlatforms) = postSolution
		{94C7DD12-77B5-4DBC-B97D-47FF5DA5AA6E}.Debug|Any CPU.ActiveCfg = Debug|Any CPU
		{94C7DD12-77B5-4DBC-B97D-47FF5DA5AA6E}.Debug|Any CPU.Build.0 = Debug|Any CPU
		{94C7DD12-77B5-4DBC-B97D-47FF5DA5AA6E}.Release|Any CPU.ActiveCfg = Release|Any CPU
		{94C7DD12-77B5-4DBC-B97D-47FF5DA5AA6E}.Release|Any CPU.Build.0 = Release|Any CPU
	EndGlobalSection
	GlobalSection(SolutionProperties) = preSolution
		HideSolutionNode = FALSE
	EndGlobalSection
	GlobalSection(ExtensibilityGlobals) = postSolution
		SolutionGuid = {63FF83A0-3837-452F-897E-297C41AD7C87}
	EndGlobalSection
EndGlobal
